
Microsoft Visual Studio Solution File, Format Version 12.00
# Visual Studio 14
VisualStudioVersion = 14.0.25420.1
MinimumVisualStudioVersion = 10.0.40219.1
Project("{2150E333-8FDC-42A3-9474-1A3956D46DE8}") = "src", "src", "{E17A91C4-363C-4FBB-BA9C-8ED3309BB6E1}"
EndProject
Project("{2150E333-8FDC-42A3-9474-1A3956D46DE8}") = "Solution Items", "Solution Items", "{92B7349E-149F-46FD-AF47-380FE037F4C2}"
	ProjectSection(SolutionItems) = preProject
		global.json = global.json
	EndProjectSection
EndProject
Project("{8BB2217D-0F2D-49D1-97BC-3654ED321F3B}") = "MABProjectFin", "src\MABProjectFin\MABProjectFin.xproj", "{54ACC471-B99B-4362-B2B0-F91D833A2815}"
EndProject
Global
	GlobalSection(SolutionConfigurationPlatforms) = preSolution
		Debug|Any CPU = Debug|Any CPU
		Release|Any CPU = Release|Any CPU
	EndGlobalSection
	GlobalSection(ProjectConfigurationPlatforms) = postSolution
		{54ACC471-B99B-4362-B2B0-F91D833A2815}.Debug|Any CPU.ActiveCfg = Debug|Any CPU
		{54ACC471-B99B-4362-B2B0-F91D833A2815}.Debug|Any CPU.Build.0 = Debug|Any CPU
		{54ACC471-B99B-4362-B2B0-F91D833A2815}.Release|Any CPU.ActiveCfg = Release|Any CPU
		{54ACC471-B99B-4362-B2B0-F91D833A2815}.Release|Any CPU.Build.0 = Release|Any CPU
	EndGlobalSection
	GlobalSection(SolutionProperties) = preSolution
		HideSolutionNode = FALSE
	EndGlobalSection
	GlobalSection(NestedProjects) = preSolution
		{54ACC471-B99B-4362-B2B0-F91D833A2815} = {E17A91C4-363C-4FBB-BA9C-8ED3309BB6E1}
	EndGlobalSection
EndGlobal
